# THIS IS AN AUTOGENERATED FILE. DO NOT EDIT THIS FILE DIRECTLY.
# yarn lockfile v1


"@babel/runtime@^7.0.0-beta.46":
  version "7.0.0-beta.46"
  resolved "https://registry.yarnpkg.com/@babel/runtime/-/runtime-7.0.0-beta.46.tgz#466a9c0498f6d12d054a185981eef742d59d4871"
  dependencies:
    core-js "^2.5.3"
    regenerator-runtime "^0.11.1"

"@types/react-transition-group@^2.0.9":
  version "2.0.9"
  resolved "https://registry.yarnpkg.com/@types/react-transition-group/-/react-transition-group-2.0.9.tgz#ed6a71fb711e524345844defec2a861c1a222a03"
  dependencies:
    "@types/react" "*"

"@types/react@*":
  version "16.3.13"
  resolved "https://registry.yarnpkg.com/@types/react/-/react-16.3.13.tgz#47d466462b774556c1174ea0eda22c0578643362"
  dependencies:
    csstype "^2.2.0"

core-js@^2.5.3:
  version "2.5.6"
  resolved "https://registry.yarnpkg.com/core-js/-/core-js-2.5.6.tgz#0fe6d45bf3cac3ac364a9d72de7576f4eb221b9d"

csstype@^2.2.0:
  version "2.4.2"
  resolved "https://registry.yarnpkg.com/csstype/-/csstype-2.4.2.tgz#158e36c69566bf968da63d0ba14eda1c20e8643a"

regenerator-runtime@^0.11.1:
  version "0.11.1"
  resolved "https://registry.yarnpkg.com/regenerator-runtime/-/regenerator-runtime-0.11.1.tgz#be05ad7f9bf7d22e056f9726cee5017fbf19e2e9"
